// !$*UTF8*$!
{
	archiveVersion = 1;
	classes = {
	};
	objectVersion = 48;
	objects = {

/* Begin PBXBuildFile section */
		294DAEEF1FB75103004256C2 /* MenuViewController.swift in Sources */ = {isa = PBXBuildFile; fileRef = 294DAEEE1FB75103004256C2 /* MenuViewController.swift */; };
		294DAEF11FB7522A004256C2 /* GameModeViewController.swift in Sources */ = {isa = PBXBuildFile; fileRef = 294DAEF01FB7522A004256C2 /* GameModeViewController.swift */; };
		29C171701FB4FC2400EDAF28 /* Dot.swift in Sources */ = {isa = PBXBuildFile; fileRef = 29C1716F1FB4FC2400EDAF28 /* Dot.swift */; };
		29C171721FB4FC8B00EDAF28 /* Line.swift in Sources */ = {isa = PBXBuildFile; fileRef = 29C171711FB4FC8B00EDAF28 /* Line.swift */; };
		29EBAFCA1FB1D9160086F17E /* AppDelegate.swift in Sources */ = {isa = PBXBuildFile; fileRef = 29EBAFC91FB1D9160086F17E /* AppDelegate.swift */; };
		29EBAFCC1FB1D9160086F17E /* GameScene.sks in Resources */ = {isa = PBXBuildFile; fileRef = 29EBAFCB1FB1D9160086F17E /* GameScene.sks */; };
		29EBAFD01FB1D9160086F17E /* GameScene.swift in Sources */ = {isa = PBXBuildFile; fileRef = 29EBAFCF1FB1D9160086F17E /* GameScene.swift */; };
		29EBAFD21FB1D9160086F17E /* GameViewController.swift in Sources */ = {isa = PBXBuildFile; fileRef = 29EBAFD11FB1D9160086F17E /* GameViewController.swift */; };
		29EBAFD51FB1D9160086F17E /* Main.storyboard in Resources */ = {isa = PBXBuildFile; fileRef = 29EBAFD31FB1D9160086F17E /* Main.storyboard */; };
		29EBAFD71FB1D9160086F17E /* Assets.xcassets in Resources */ = {isa = PBXBuildFile; fileRef = 29EBAFD61FB1D9160086F17E /* Assets.xcassets */; };
		29EBAFDA1FB1D9160086F17E /* LaunchScreen.storyboard in Resources */ = {isa = PBXBuildFile; fileRef = 29EBAFD81FB1D9160086F17E /* LaunchScreen.storyboard */; };
		29FF336A1FB877D100E84284 /* SelectLevelViewController.swift in Sources */ = {isa = PBXBuildFile; fileRef = 29FF33691FB877D100E84284 /* SelectLevelViewController.swift */; };
		29FF336C1FB878D600E84284 /* LevelCollectionViewCell.swift in Sources */ = {isa = PBXBuildFile; fileRef = 29FF336B1FB878D600E84284 /* LevelCollectionViewCell.swift */; };
		29FF336E1FB8816900E84284 /* LevelNumber.swift in Sources */ = {isa = PBXBuildFile; fileRef = 29FF336D1FB8816900E84284 /* LevelNumber.swift */; };
		29FF33701FB88D4600E84284 /* CustomViewController.swift in Sources */ = {isa = PBXBuildFile; fileRef = 29FF336F1FB88D4600E84284 /* CustomViewController.swift */; };
		B30077A91FB1F360006DA325 /* Levels.swift in Sources */ = {isa = PBXBuildFile; fileRef = B30077A81FB1F360006DA325 /* Levels.swift */; };
		B30077AB1FB1FC92006DA325 /* Board.swift in Sources */ = {isa = PBXBuildFile; fileRef = B30077AA1FB1FC92006DA325 /* Board.swift */; };
		B35D5314200254030068AC40 /* Menu.xib in Resources */ = {isa = PBXBuildFile; fileRef = B35D5313200254030068AC40 /* Menu.xib */; };
		B35D5317200256670068AC40 /* MenuView.swift in Sources */ = {isa = PBXBuildFile; fileRef = B35D5316200256670068AC40 /* MenuView.swift */; };
		B35D531B200258350068AC40 /* MenuButton.swift in Sources */ = {isa = PBXBuildFile; fileRef = B35D531A200258350068AC40 /* MenuButton.swift */; };
		B386C84A207B880700ED860E /* Constants.swift in Sources */ = {isa = PBXBuildFile; fileRef = B386C849207B880700ED860E /* Constants.swift */; };
		B386C84C207B892100ED860E /* Funcs.swift in Sources */ = {isa = PBXBuildFile; fileRef = B386C84B207B892100ED860E /* Funcs.swift */; };
		B386C84F207B8A2E00ED860E /* Character.swift in Sources */ = {isa = PBXBuildFile; fileRef = B386C84E207B8A2E00ED860E /* Character.swift */; };
		B386C853207B8BAD00ED860E /* CGPath.swift in Sources */ = {isa = PBXBuildFile; fileRef = B386C852207B8BAD00ED860E /* CGPath.swift */; };
		B391B71D1FFD54DD0022717C /* PlayerInfo.swift in Sources */ = {isa = PBXBuildFile; fileRef = B391B71C1FFD54DD0022717C /* PlayerInfo.swift */; };
		B3A396521FB39C8F00BCEA54 /* DotNode.swift in Sources */ = {isa = PBXBuildFile; fileRef = B3A396511FB39C8F00BCEA54 /* DotNode.swift */; };
		B3AE6E48200389E4000017E0 /* BackgroundView.swift in Sources */ = {isa = PBXBuildFile; fileRef = B3AE6E47200389E3000017E0 /* BackgroundView.swift */; };
		B3B8C5941FC60C53005880CD /* OfflineGameScene.swift in Sources */ = {isa = PBXBuildFile; fileRef = B3B8C5931FC60C53005880CD /* OfflineGameScene.swift */; };
		B3B8C5961FC61621005880CD /* Player.swift in Sources */ = {isa = PBXBuildFile; fileRef = B3B8C5951FC61621005880CD /* Player.swift */; };
		B3BA0D871FB8EFEE00470920 /* Figure.swift in Sources */ = {isa = PBXBuildFile; fileRef = B3BA0D861FB8EFED00470920 /* Figure.swift */; };
/* End PBXBuildFile section */

/* Begin PBXFileReference section */
		294DAEEE1FB75103004256C2 /* MenuViewController.swift */ = {isa = PBXFileReference; lastKnownFileType = sourcecode.swift; path = MenuViewController.swift; sourceTree = "<group>"; };
		294DAEF01FB7522A004256C2 /* GameModeViewController.swift */ = {isa = PBXFileReference; lastKnownFileType = sourcecode.swift; path = GameModeViewController.swift; sourceTree = "<group>"; };
		29C1716F1FB4FC2400EDAF28 /* Dot.swift */ = {isa = PBXFileReference; lastKnownFileType = sourcecode.swift; path = Dot.swift; sourceTree = "<group>"; };
		29C171711FB4FC8B00EDAF28 /* Line.swift */ = {isa = PBXFileReference; lastKnownFileType = sourcecode.swift; path = Line.swift; sourceTree = "<group>"; };
		29EBAFC61FB1D9160086F17E /* GameApp.app */ = {isa = PBXFileReference; explicitFileType = wrapper.application; includeInIndex = 0; path = GameApp.app; sourceTree = BUILT_PRODUCTS_DIR; };
		29EBAFC91FB1D9160086F17E /* AppDelegate.swift */ = {isa = PBXFileReference; lastKnownFileType = sourcecode.swift; path = AppDelegate.swift; sourceTree = "<group>"; };
		29EBAFCB1FB1D9160086F17E /* GameScene.sks */ = {isa = PBXFileReference; lastKnownFileType = file.sks; path = GameScene.sks; sourceTree = "<group>"; };
		29EBAFCF1FB1D9160086F17E /* GameScene.swift */ = {isa = PBXFileReference; lastKnownFileType = sourcecode.swift; path = GameScene.swift; sourceTree = "<group>"; };
		29EBAFD11FB1D9160086F17E /* GameViewController.swift */ = {isa = PBXFileReference; lastKnownFileType = sourcecode.swift; path = GameViewController.swift; sourceTree = "<group>"; };
		29EBAFD41FB1D9160086F17E /* Base */ = {isa = PBXFileReference; lastKnownFileType = file.storyboard; name = Base; path = Base.lproj/Main.storyboard; sourceTree = "<group>"; };
		29EBAFD61FB1D9160086F17E /* Assets.xcassets */ = {isa = PBXFileReference; lastKnownFileType = folder.assetcatalog; path = Assets.xcassets; sourceTree = "<group>"; };
		29EBAFD91FB1D9160086F17E /* Base */ = {isa = PBXFileReference; lastKnownFileType = file.storyboard; name = Base; path = Base.lproj/LaunchScreen.storyboard; sourceTree = "<group>"; };
		29EBAFDB1FB1D9160086F17E /* Info.plist */ = {isa = PBXFileReference; lastKnownFileType = text.plist.xml; path = Info.plist; sourceTree = "<group>"; };
		29FF33691FB877D100E84284 /* SelectLevelViewController.swift */ = {isa = PBXFileReference; lastKnownFileType = sourcecode.swift; path = SelectLevelViewController.swift; sourceTree = "<group>"; };
		29FF336B1FB878D600E84284 /* LevelCollectionViewCell.swift */ = {isa = PBXFileReference; lastKnownFileType = sourcecode.swift; path = LevelCollectionViewCell.swift; sourceTree = "<group>"; };
		29FF336D1FB8816900E84284 /* LevelNumber.swift */ = {isa = PBXFileReference; lastKnownFileType = sourcecode.swift; path = LevelNumber.swift; sourceTree = "<group>"; };
		29FF336F1FB88D4600E84284 /* CustomViewController.swift */ = {isa = PBXFileReference; lastKnownFileType = sourcecode.swift; path = CustomViewController.swift; sourceTree = "<group>"; };
		B30077A81FB1F360006DA325 /* Levels.swift */ = {isa = PBXFileReference; lastKnownFileType = sourcecode.swift; path = Levels.swift; sourceTree = "<group>"; };
		B30077AA1FB1FC92006DA325 /* Board.swift */ = {isa = PBXFileReference; lastKnownFileType = sourcecode.swift; path = Board.swift; sourceTree = "<group>"; };
		B35D5313200254030068AC40 /* Menu.xib */ = {isa = PBXFileReference; lastKnownFileType = file.xib; path = Menu.xib; sourceTree = "<group>"; };
		B35D5316200256670068AC40 /* MenuView.swift */ = {isa = PBXFileReference; lastKnownFileType = sourcecode.swift; path = MenuView.swift; sourceTree = "<group>"; };
		B35D531A200258350068AC40 /* MenuButton.swift */ = {isa = PBXFileReference; lastKnownFileType = sourcecode.swift; path = MenuButton.swift; sourceTree = "<group>"; };
		B386C849207B880700ED860E /* Constants.swift */ = {isa = PBXFileReference; lastKnownFileType = sourcecode.swift; path = Constants.swift; sourceTree = "<group>"; };
		B386C84B207B892100ED860E /* Funcs.swift */ = {isa = PBXFileReference; lastKnownFileType = sourcecode.swift; path = Funcs.swift; sourceTree = "<group>"; };
		B386C84E207B8A2E00ED860E /* Character.swift */ = {isa = PBXFileReference; lastKnownFileType = sourcecode.swift; path = Character.swift; sourceTree = "<group>"; };
		B386C852207B8BAD00ED860E /* CGPath.swift */ = {isa = PBXFileReference; lastKnownFileType = sourcecode.swift; path = CGPath.swift; sourceTree = "<group>"; };
		B391B71C1FFD54DD0022717C /* PlayerInfo.swift */ = {isa = PBXFileReference; lastKnownFileType = sourcecode.swift; path = PlayerInfo.swift; sourceTree = "<group>"; };
		B3A396511FB39C8F00BCEA54 /* DotNode.swift */ = {isa = PBXFileReference; lastKnownFileType = sourcecode.swift; path = DotNode.swift; sourceTree = "<group>"; };
		B3AE6E47200389E3000017E0 /* BackgroundView.swift */ = {isa = PBXFileReference; lastKnownFileType = sourcecode.swift; path = BackgroundView.swift; sourceTree = "<group>"; };
		B3B8C5931FC60C53005880CD /* OfflineGameScene.swift */ = {isa = PBXFileReference; lastKnownFileType = sourcecode.swift; path = OfflineGameScene.swift; sourceTree = "<group>"; };
		B3B8C5951FC61621005880CD /* Player.swift */ = {isa = PBXFileReference; lastKnownFileType = sourcecode.swift; path = Player.swift; sourceTree = "<group>"; };
		B3BA0D861FB8EFED00470920 /* Figure.swift */ = {isa = PBXFileReference; lastKnownFileType = sourcecode.swift; path = Figure.swift; sourceTree = "<group>"; };
/* End PBXFileReference section */

/* Begin PBXFrameworksBuildPhase section */
		29EBAFC31FB1D9160086F17E /* Frameworks */ = {
			isa = PBXFrameworksBuildPhase;
			buildActionMask = 2147483647;
			files = (
			);
			runOnlyForDeploymentPostprocessing = 0;
		};
/* End PBXFrameworksBuildPhase section */

/* Begin PBXGroup section */
		29EBAFBD1FB1D9160086F17E = {
			isa = PBXGroup;
			children = (
				29EBAFC81FB1D9160086F17E /* GameApp */,
				29EBAFC71FB1D9160086F17E /* Products */,
			);
			sourceTree = "<group>";
		};
		29EBAFC71FB1D9160086F17E /* Products */ = {
			isa = PBXGroup;
			children = (
				29EBAFC61FB1D9160086F17E /* GameApp.app */,
			);
			name = Products;
			sourceTree = "<group>";
		};
		29EBAFC81FB1D9160086F17E /* GameApp */ = {
			isa = PBXGroup;
			children = (
				B3A396561FB4A14F00BCEA54 /* Helpers */,
				B3A396541FB4A13900BCEA54 /* View */,
				B3A396551FB4A14600BCEA54 /* Controller */,
				B3A396531FB4A11300BCEA54 /* Model */,
			);
			path = GameApp;
			sourceTree = "<group>";
		};
		B35D5315200256330068AC40 /* Menu */ = {
			isa = PBXGroup;
			children = (
				B35D5313200254030068AC40 /* Menu.xib */,
				B35D5316200256670068AC40 /* MenuView.swift */,
				B35D531A200258350068AC40 /* MenuButton.swift */,
			);
			path = Menu;
			sourceTree = "<group>";
		};
		B386C84D207B89B000ED860E /* Extensions */ = {
			isa = PBXGroup;
			children = (
				B386C84E207B8A2E00ED860E /* Character.swift */,
				B386C852207B8BAD00ED860E /* CGPath.swift */,
			);
			path = Extensions;
			sourceTree = "<group>";
		};
		B3A396531FB4A11300BCEA54 /* Model */ = {
			isa = PBXGroup;
			children = (
				B30077AA1FB1FC92006DA325 /* Board.swift */,
				B3BA0D861FB8EFED00470920 /* Figure.swift */,
				B3B8C5951FC61621005880CD /* Player.swift */,
				29C1716F1FB4FC2400EDAF28 /* Dot.swift */,
				29C171711FB4FC8B00EDAF28 /* Line.swift */,
				29FF336D1FB8816900E84284 /* LevelNumber.swift */,
			);
			path = Model;
			sourceTree = "<group>";
		};
		B3A396541FB4A13900BCEA54 /* View */ = {
			isa = PBXGroup;
			children = (
				B35D5315200256330068AC40 /* Menu */,
				29EBAFCB1FB1D9160086F17E /* GameScene.sks */,
				B3AE6E47200389E3000017E0 /* BackgroundView.swift */,
				B3A396511FB39C8F00BCEA54 /* DotNode.swift */,
				29FF336B1FB878D600E84284 /* LevelCollectionViewCell.swift */,
				29EBAFD31FB1D9160086F17E /* Main.storyboard */,
				29EBAFD61FB1D9160086F17E /* Assets.xcassets */,
				29EBAFD81FB1D9160086F17E /* LaunchScreen.storyboard */,
			);
			path = View;
			sourceTree = "<group>";
		};
		B3A396551FB4A14600BCEA54 /* Controller */ = {
			isa = PBXGroup;
			children = (
				294DAEEE1FB75103004256C2 /* MenuViewController.swift */,
				294DAEF01FB7522A004256C2 /* GameModeViewController.swift */,
				29FF33691FB877D100E84284 /* SelectLevelViewController.swift */,
				29EBAFD11FB1D9160086F17E /* GameViewController.swift */,
				29EBAFCF1FB1D9160086F17E /* GameScene.swift */,
				B3B8C5931FC60C53005880CD /* OfflineGameScene.swift */,
				B391B71C1FFD54DD0022717C /* PlayerInfo.swift */,
				29FF336F1FB88D4600E84284 /* CustomViewController.swift */,
			);
			path = Controller;
			sourceTree = "<group>";
		};
		B3A396561FB4A14F00BCEA54 /* Helpers */ = {
			isa = PBXGroup;
			children = (
				B386C84D207B89B000ED860E /* Extensions */,
				29EBAFC91FB1D9160086F17E /* AppDelegate.swift */,
				B30077A81FB1F360006DA325 /* Levels.swift */,
				29EBAFDB1FB1D9160086F17E /* Info.plist */,
				B386C849207B880700ED860E /* Constants.swift */,
				B386C84B207B892100ED860E /* Funcs.swift */,
			);
			path = Helpers;
			sourceTree = "<group>";
		};
/* End PBXGroup section */

/* Begin PBXNativeTarget section */
		29EBAFC51FB1D9160086F17E /* GameApp */ = {
			isa = PBXNativeTarget;
			buildConfigurationList = 29EBAFDE1FB1D9160086F17E /* Build configuration list for PBXNativeTarget "GameApp" */;
			buildPhases = (
				B337D9632115B5FD00D1C536 /* Swiftlint */,
				29EBAFC21FB1D9160086F17E /* Sources */,
				29EBAFC31FB1D9160086F17E /* Frameworks */,
				29EBAFC41FB1D9160086F17E /* Resources */,
			);
			buildRules = (
			);
			dependencies = (
			);
			name = GameApp;
			productName = GameApp;
			productReference = 29EBAFC61FB1D9160086F17E /* GameApp.app */;
			productType = "com.apple.product-type.application";
		};
/* End PBXNativeTarget section */

/* Begin PBXProject section */
		29EBAFBE1FB1D9160086F17E /* Project object */ = {
			isa = PBXProject;
			attributes = {
				LastSwiftUpdateCheck = 0900;
				LastUpgradeCheck = 0940;
				ORGANIZATIONNAME = "Pavlo Kharambura";
				TargetAttributes = {
					29EBAFC51FB1D9160086F17E = {
						CreatedOnToolsVersion = 9.0;
						ProvisioningStyle = Automatic;
					};
				};
			};
			buildConfigurationList = 29EBAFC11FB1D9160086F17E /* Build configuration list for PBXProject "GameApp" */;
			compatibilityVersion = "Xcode 8.0";
			developmentRegion = en;
			hasScannedForEncodings = 0;
			knownRegions = (
				en,
				Base,
			);
			mainGroup = 29EBAFBD1FB1D9160086F17E;
			productRefGroup = 29EBAFC71FB1D9160086F17E /* Products */;
			projectDirPath = "";
			projectRoot = "";
			targets = (
				29EBAFC51FB1D9160086F17E /* GameApp */,
			);
		};
/* End PBXProject section */

/* Begin PBXResourcesBuildPhase section */
		29EBAFC41FB1D9160086F17E /* Resources */ = {
			isa = PBXResourcesBuildPhase;
			buildActionMask = 2147483647;
			files = (
				29EBAFD51FB1D9160086F17E /* Main.storyboard in Resources */,
				29EBAFCC1FB1D9160086F17E /* GameScene.sks in Resources */,
				29EBAFD71FB1D9160086F17E /* Assets.xcassets in Resources */,
				B35D5314200254030068AC40 /* Menu.xib in Resources */,
				29EBAFDA1FB1D9160086F17E /* LaunchScreen.storyboard in Resources */,
			);
			runOnlyForDeploymentPostprocessing = 0;
		};
/* End PBXResourcesBuildPhase section */

/* Begin PBXShellScriptBuildPhase section */
		B337D9632115B5FD00D1C536 /* Swiftlint */ = {
			isa = PBXShellScriptBuildPhase;
			buildActionMask = 2147483647;
			files = (
			);
			inputPaths = (
			);
			name = Swiftlint;
			outputPaths = (
			);
			runOnlyForDeploymentPostprocessing = 0;
			shellPath = /bin/sh;
			shellScript = "if which swiftlint >/dev/null; then\n    swiftlint\nelse\n    echo \"warning: SwiftLint not installed, download from https://github.com/realm/SwiftLint\"\nfi";
		};
/* End PBXShellScriptBuildPhase section */

/* Begin PBXSourcesBuildPhase section */
		29EBAFC21FB1D9160086F17E /* Sources */ = {
			isa = PBXSourcesBuildPhase;
			buildActionMask = 2147483647;
			files = (
				B30077AB1FB1FC92006DA325 /* Board.swift in Sources */,
				294DAEEF1FB75103004256C2 /* MenuViewController.swift in Sources */,
				B3AE6E48200389E4000017E0 /* BackgroundView.swift in Sources */,
				B35D531B200258350068AC40 /* MenuButton.swift in Sources */,
				B3A396521FB39C8F00BCEA54 /* DotNode.swift in Sources */,
				29FF336E1FB8816900E84284 /* LevelNumber.swift in Sources */,
				B386C853207B8BAD00ED860E /* CGPath.swift in Sources */,
				B386C84A207B880700ED860E /* Constants.swift in Sources */,
				B3B8C5941FC60C53005880CD /* OfflineGameScene.swift in Sources */,
				B35D5317200256670068AC40 /* MenuView.swift in Sources */,
				29FF336C1FB878D600E84284 /* LevelCollectionViewCell.swift in Sources */,
				29EBAFD01FB1D9160086F17E /* GameScene.swift in Sources */,
				294DAEF11FB7522A004256C2 /* GameModeViewController.swift in Sources */,
				29FF336A1FB877D100E84284 /* SelectLevelViewController.swift in Sources */,
				B391B71D1FFD54DD0022717C /* PlayerInfo.swift in Sources */,
				29C171701FB4FC2400EDAF28 /* Dot.swift in Sources */,
				B3BA0D871FB8EFEE00470920 /* Figure.swift in Sources */,
				B30077A91FB1F360006DA325 /* Levels.swift in Sources */,
				29C171721FB4FC8B00EDAF28 /* Line.swift in Sources */,
				29FF33701FB88D4600E84284 /* CustomViewController.swift in Sources */,
				29EBAFD21FB1D9160086F17E /* GameViewController.swift in Sources */,
				B386C84C207B892100ED860E /* Funcs.swift in Sources */,
				B386C84F207B8A2E00ED860E /* Character.swift in Sources */,
				B3B8C5961FC61621005880CD /* Player.swift in Sources */,
				29EBAFCA1FB1D9160086F17E /* AppDelegate.swift in Sources */,
			);
			runOnlyForDeploymentPostprocessing = 0;
		};
/* End PBXSourcesBuildPhase section */

/* Begin PBXVariantGroup section */
		29EBAFD31FB1D9160086F17E /* Main.storyboard */ = {
			isa = PBXVariantGroup;
			children = (
				29EBAFD41FB1D9160086F17E /* Base */,
			);
			name = Main.storyboard;
			sourceTree = "<group>";
		};
		29EBAFD81FB1D9160086F17E /* LaunchScreen.storyboard */ = {
			isa = PBXVariantGroup;
			children = (
				29EBAFD91FB1D9160086F17E /* Base */,
			);
			name = LaunchScreen.storyboard;
			sourceTree = "<group>";
		};
/* End PBXVariantGroup section */

/* Begin XCBuildConfiguration section */
		29EBAFDC1FB1D9160086F17E /* Debug */ = {
			isa = XCBuildConfiguration;
			buildSettings = {
				ALWAYS_SEARCH_USER_PATHS = NO;
				CLANG_ANALYZER_NONNULL = YES;
				CLANG_ANALYZER_NUMBER_OBJECT_CONVERSION = YES_AGGRESSIVE;
				CLANG_CXX_LANGUAGE_STANDARD = "gnu++14";
				CLANG_CXX_LIBRARY = "libc++";
				CLANG_ENABLE_MODULES = YES;
				CLANG_ENABLE_OBJC_ARC = YES;
				CLANG_WARN_BLOCK_CAPTURE_AUTORELEASING = YES;
				CLANG_WARN_BOOL_CONVERSION = YES;
				CLANG_WARN_COMMA = YES;
				CLANG_WARN_CONSTANT_CONVERSION = YES;
				CLANG_WARN_DEPRECATED_OBJC_IMPLEMENTATIONS = YES;
				CLANG_WARN_DIRECT_OBJC_ISA_USAGE = YES_ERROR;
				CLANG_WARN_DOCUMENTATION_COMMENTS = YES;
				CLANG_WARN_EMPTY_BODY = YES;
				CLANG_WARN_ENUM_CONVERSION = YES;
				CLANG_WARN_INFINITE_RECURSION = YES;
				CLANG_WARN_INT_CONVERSION = YES;
				CLANG_WARN_NON_LITERAL_NULL_CONVERSION = YES;
				CLANG_WARN_OBJC_IMPLICIT_RETAIN_SELF = YES;
				CLANG_WARN_OBJC_LITERAL_CONVERSION = YES;
				CLANG_WARN_OBJC_ROOT_CLASS = YES_ERROR;
				CLANG_WARN_RANGE_LOOP_ANALYSIS = YES;
				CLANG_WARN_STRICT_PROTOTYPES = YES;
				CLANG_WARN_SUSPICIOUS_MOVE = YES;
				CLANG_WARN_UNGUARDED_AVAILABILITY = YES_AGGRESSIVE;
				CLANG_WARN_UNREACHABLE_CODE = YES;
				CLANG_WARN__DUPLICATE_METHOD_MATCH = YES;
				CODE_SIGN_IDENTITY = "iPhone Developer";
				COPY_PHASE_STRIP = NO;
				DEBUG_INFORMATION_FORMAT = dwarf;
				ENABLE_STRICT_OBJC_MSGSEND = YES;
				ENABLE_TESTABILITY = YES;
				GCC_C_LANGUAGE_STANDARD = gnu11;
				GCC_DYNAMIC_NO_PIC = NO;
				GCC_NO_COMMON_BLOCKS = YES;
				GCC_OPTIMIZATION_LEVEL = 0;
				GCC_PREPROCESSOR_DEFINITIONS = (
					"DEBUG=1",
					"$(inherited)",
				);
				GCC_WARN_64_TO_32_BIT_CONVERSION = YES;
				GCC_WARN_ABOUT_RETURN_TYPE = YES_ERROR;
				GCC_WARN_UNDECLARED_SELECTOR = YES;
				GCC_WARN_UNINITIALIZED_AUTOS = YES_AGGRESSIVE;
				GCC_WARN_UNUSED_FUNCTION = YES;
				GCC_WARN_UNUSED_VARIABLE = YES;
				IPHONEOS_DEPLOYMENT_TARGET = 11.0;
				MTL_ENABLE_DEBUG_INFO = YES;
				ONLY_ACTIVE_ARCH = YES;
				SDKROOT = iphoneos;
				SWIFT_ACTIVE_COMPILATION_CONDITIONS = DEBUG;
				SWIFT_OPTIMIZATION_LEVEL = "-Onone";
			};
			name = Debug;
		};
		29EBAFDD1FB1D9160086F17E /* Release */ = {
			isa = XCBuildConfiguration;
			buildSettings = {
				ALWAYS_SEARCH_USER_PATHS = NO;
				CLANG_ANALYZER_NONNULL = YES;
				CLANG_ANALYZER_NUMBER_OBJECT_CONVERSION = YES_AGGRESSIVE;
				CLANG_CXX_LANGUAGE_STANDARD = "gnu++14";
				CLANG_CXX_LIBRARY = "libc++";
				CLANG_ENABLE_MODULES = YES;
				CLANG_ENABLE_OBJC_ARC = YES;
				CLANG_WARN_BLOCK_CAPTURE_AUTORELEASING = YES;
				CLANG_WARN_BOOL_CONVERSION = YES;
				CLANG_WARN_COMMA = YES;
				CLANG_WARN_CONSTANT_CONVERSION = YES;
				CLANG_WARN_DEPRECATED_OBJC_IMPLEMENTATIONS = YES;
				CLANG_WARN_DIRECT_OBJC_ISA_USAGE = YES_ERROR;
				CLANG_WARN_DOCUMENTATION_COMMENTS = YES;
				CLANG_WARN_EMPTY_BODY = YES;
				CLANG_WARN_ENUM_CONVERSION = YES;
				CLANG_WARN_INFINITE_RECURSION = YES;
				CLANG_WARN_INT_CONVERSION = YES;
				CLANG_WARN_NON_LITERAL_NULL_CONVERSION = YES;
				CLANG_WARN_OBJC_IMPLICIT_RETAIN_SELF = YES;
				CLANG_WARN_OBJC_LITERAL_CONVERSION = YES;
				CLANG_WARN_OBJC_ROOT_CLASS = YES_ERROR;
				CLANG_WARN_RANGE_LOOP_ANALYSIS = YES;
				CLANG_WARN_STRICT_PROTOTYPES = YES;
				CLANG_WARN_SUSPICIOUS_MOVE = YES;
				CLANG_WARN_UNGUARDED_AVAILABILITY = YES_AGGRESSIVE;
				CLANG_WARN_UNREACHABLE_CODE = YES;
				CLANG_WARN__DUPLICATE_METHOD_MATCH = YES;
				CODE_SIGN_IDENTITY = "iPhone Developer";
				COPY_PHASE_STRIP = NO;
				DEBUG_INFORMATION_FORMAT = "dwarf-with-dsym";
				ENABLE_NS_ASSERTIONS = NO;
				ENABLE_STRICT_OBJC_MSGSEND = YES;
				GCC_C_LANGUAGE_STANDARD = gnu11;
				GCC_NO_COMMON_BLOCKS = YES;
				GCC_WARN_64_TO_32_BIT_CONVERSION = YES;
				GCC_WARN_ABOUT_RETURN_TYPE = YES_ERROR;
				GCC_WARN_UNDECLARED_SELECTOR = YES;
				GCC_WARN_UNINITIALIZED_AUTOS = YES_AGGRESSIVE;
				GCC_WARN_UNUSED_FUNCTION = YES;
				GCC_WARN_UNUSED_VARIABLE = YES;
				IPHONEOS_DEPLOYMENT_TARGET = 11.0;
				MTL_ENABLE_DEBUG_INFO = NO;
				SDKROOT = iphoneos;
				SWIFT_OPTIMIZATION_LEVEL = "-Owholemodule";
				VALIDATE_PRODUCT = YES;
			};
			name = Release;
		};
		29EBAFDF1FB1D9160086F17E /* Debug */ = {
			isa = XCBuildConfiguration;
			buildSettings = {
				ASSETCATALOG_COMPILER_APPICON_NAME = AppIcon;
				CODE_SIGN_STYLE = Automatic;
				DEVELOPMENT_TEAM = 8N949X2SJZ;
				INFOPLIST_FILE = "$(SRCROOT)/GameApp/Helpers/Info.plist";
				LD_RUNPATH_SEARCH_PATHS = "$(inherited) @executable_path/Frameworks";
				PRODUCT_BUNDLE_IDENTIFIER = scales.GameApp;
				PRODUCT_NAME = "$(TARGET_NAME)";
				SWIFT_VERSION = 4.0;
				TARGETED_DEVICE_FAMILY = "1,2";
			};
			name = Debug;
		};
		29EBAFE01FB1D9160086F17E /* Release */ = {
			isa = XCBuildConfiguration;
			buildSettings = {
				ASSETCATALOG_COMPILER_APPICON_NAME = AppIcon;
				CODE_SIGN_STYLE = Automatic;
				DEVELOPMENT_TEAM = 8N949X2SJZ;
				INFOPLIST_FILE = "$(SRCROOT)/GameApp/Helpers/Info.plist";
				LD_RUNPATH_SEARCH_PATHS = "$(inherited) @executable_path/Frameworks";
				PRODUCT_BUNDLE_IDENTIFIER = scales.GameApp;
				PRODUCT_NAME = "$(TARGET_NAME)";
				SWIFT_VERSION = 4.0;
				TARGETED_DEVICE_FAMILY = "1,2";
			};
			name = Release;
		};
/* End XCBuildConfiguration section */

/* Begin XCConfigurationList section */
		29EBAFC11FB1D9160086F17E /* Build configuration list for PBXProject "GameApp" */ = {
			isa = XCConfigurationList;
			buildConfigurations = (
				29EBAFDC1FB1D9160086F17E /* Debug */,
				29EBAFDD1FB1D9160086F17E /* Release */,
			);
			defaultConfigurationIsVisible = 0;
			defaultConfigurationName = Release;
		};
		29EBAFDE1FB1D9160086F17E /* Build configuration list for PBXNativeTarget "GameApp" */ = {
			isa = XCConfigurationList;
			buildConfigurations = (
				29EBAFDF1FB1D9160086F17E /* Debug */,
				29EBAFE01FB1D9160086F17E /* Release */,
			);
			defaultConfigurationIsVisible = 0;
			defaultConfigurationName = Release;
		};
/* End XCConfigurationList section */
	};
	rootObject = 29EBAFBE1FB1D9160086F17E /* Project object */;
}
